
Microsoft Visual Studio Solution File, Format Version 12.00
# Visual Studio 15
VisualStudioVersion = 15.0.28307.1022
MinimumVisualStudioVersion = 10.0.40219.1
Project("{FAE04EC0-301F-11D3-BF4B-00C04F79EFBC}") = "Presentation", "Presentation\Presentation.csproj", "{F5FB811B-B719-4074-A2AD-02EBA1D1DB80}"
EndProject
Project("{FAE04EC0-301F-11D3-BF4B-00C04F79EFBC}") = "Domain", "Domain\Domain.csproj", "{C976849A-B1A8-4533-A0AF-8DEC7015F19A}"
EndProject
Project("{FAE04EC0-301F-11D3-BF4B-00C04F79EFBC}") = "DataAccess", "DataAccess\DataAccess.csproj", "{1BB5C474-80EB-4E44-8191-A7F4FCB1CD49}"
EndProject
Global
	GlobalSection(SolutionConfigurationPlatforms) = preSolution
		Debug|Any CPU = Debug|Any CPU
		Release|Any CPU = Release|Any CPU
	EndGlobalSection
	GlobalSection(ProjectConfigurationPlatforms) = postSolution
		{F5FB811B-B719-4074-A2AD-02EBA1D1DB80}.Debug|Any CPU.ActiveCfg = Debug|Any CPU
		{F5FB811B-B719-4074-A2AD-02EBA1D1DB80}.Debug|Any CPU.Build.0 = Debug|Any CPU
		{F5FB811B-B719-4074-A2AD-02EBA1D1DB80}.Release|Any CPU.ActiveCfg = Release|Any CPU
		{F5FB811B-B719-4074-A2AD-02EBA1D1DB80}.Release|Any CPU.Build.0 = Release|Any CPU
		{C976849A-B1A8-4533-A0AF-8DEC7015F19A}.Debug|Any CPU.ActiveCfg = Debug|Any CPU
		{C976849A-B1A8-4533-A0AF-8DEC7015F19A}.Debug|Any CPU.Build.0 = Debug|Any CPU
		{C976849A-B1A8-4533-A0AF-8DEC7015F19A}.Release|Any CPU.ActiveCfg = Release|Any CPU
		{C976849A-B1A8-4533-A0AF-8DEC7015F19A}.Release|Any CPU.Build.0 = Release|Any CPU
		{1BB5C474-80EB-4E44-8191-A7F4FCB1CD49}.Debug|Any CPU.ActiveCfg = Debug|Any CPU
		{1BB5C474-80EB-4E44-8191-A7F4FCB1CD49}.Debug|Any CPU.Build.0 = Debug|Any CPU
		{1BB5C474-80EB-4E44-8191-A7F4FCB1CD49}.Release|Any CPU.ActiveCfg = Release|Any CPU
		{1BB5C474-80EB-4E44-8191-A7F4FCB1CD49}.Release|Any CPU.Build.0 = Release|Any CPU
	EndGlobalSection
	GlobalSection(SolutionProperties) = preSolution
		HideSolutionNode = FALSE
	EndGlobalSection
	GlobalSection(ExtensibilityGlobals) = postSolution
		SolutionGuid = {97553976-388F-4069-B4B5-6D35E570B5E0}
	EndGlobalSection
EndGlobal
